
Microsoft Visual Studio Solution File, Format Version 12.00
# Visual Studio Version 17
VisualStudioVersion = 17.2.32630.192
MinimumVisualStudioVersion = 10.0.40219.1
Project("{FAE04EC0-301F-11D3-BF4B-00C04F79EFBC}") = "lab03", "lab03\lab03.csproj", "{BFC3388F-9D87-4DE6-9D3B-F04C7655A366}"
EndProject
Project("{FAE04EC0-301F-11D3-BF4B-00C04F79EFBC}") = "Entities", "Entities\Entities.csproj", "{BA37FD34-758A-4D3F-A1C5-9F9F547F5144}"
EndProject
Project("{FAE04EC0-301F-11D3-BF4B-00C04F79EFBC}") = "Repository", "Repository\Repository.csproj", "{AFA124CA-0226-4A69-AF26-127CC989D9CB}"
EndProject
Global
	GlobalSection(SolutionConfigurationPlatforms) = preSolution
		Debug|Any CPU = Debug|Any CPU
		Release|Any CPU = Release|Any CPU
	EndGlobalSection
	GlobalSection(ProjectConfigurationPlatforms) = postSolution
		{BFC3388F-9D87-4DE6-9D3B-F04C7655A366}.Debug|Any CPU.ActiveCfg = Debug|Any CPU
		{BFC3388F-9D87-4DE6-9D3B-F04C7655A366}.Debug|Any CPU.Build.0 = Debug|Any CPU
		{BFC3388F-9D87-4DE6-9D3B-F04C7655A366}.Release|Any CPU.ActiveCfg = Release|Any CPU
		{BFC3388F-9D87-4DE6-9D3B-F04C7655A366}.Release|Any CPU.Build.0 = Release|Any CPU
		{BA37FD34-758A-4D3F-A1C5-9F9F547F5144}.Debug|Any CPU.ActiveCfg = Debug|Any CPU
		{BA37FD34-758A-4D3F-A1C5-9F9F547F5144}.Debug|Any CPU.Build.0 = Debug|Any CPU
		{BA37FD34-758A-4D3F-A1C5-9F9F547F5144}.Release|Any CPU.ActiveCfg = Release|Any CPU
		{BA37FD34-758A-4D3F-A1C5-9F9F547F5144}.Release|Any CPU.Build.0 = Release|Any CPU
		{AFA124CA-0226-4A69-AF26-127CC989D9CB}.Debug|Any CPU.ActiveCfg = Debug|Any CPU
		{AFA124CA-0226-4A69-AF26-127CC989D9CB}.Debug|Any CPU.Build.0 = Debug|Any CPU
		{AFA124CA-0226-4A69-AF26-127CC989D9CB}.Release|Any CPU.ActiveCfg = Release|Any CPU
		{AFA124CA-0226-4A69-AF26-127CC989D9CB}.Release|Any CPU.Build.0 = Release|Any CPU
	EndGlobalSection
	GlobalSection(SolutionProperties) = preSolution
		HideSolutionNode = FALSE
	EndGlobalSection
	GlobalSection(ExtensibilityGlobals) = postSolution
		SolutionGuid = {31B6E193-809B-4B70-8592-48DAA8FCE813}
	EndGlobalSection
EndGlobal
